
Microsoft Visual Studio Solution File, Format Version 12.00
# Visual Studio Version 16
VisualStudioVersion = 16.0.29418.71
MinimumVisualStudioVersion = 10.0.40219.1
Project("{FAE04EC0-301F-11D3-BF4B-00C04F79EFBC}") = "TooltipEffectSample.UWP", "TooltipEffectSample\TooltipEffectSample.UWP\TooltipEffectSample.UWP.csproj", "{3BDBEE20-A70F-4369-812F-0A80A0BBF664}"
EndProject
Project("{FAE04EC0-301F-11D3-BF4B-00C04F79EFBC}") = "TooltipEffectSample.Android", "TooltipEffectSample\TooltipEffectSample.Android\TooltipEffectSample.Android.csproj", "{2C29ED45-147B-4C8E-B7EA-548910A167D3}"
EndProject
Project("{FAE04EC0-301F-11D3-BF4B-00C04F79EFBC}") = "TooltipEffectSample.iOS", "TooltipEffectSample\TooltipEffectSample.iOS\TooltipEffectSample.iOS.csproj", "{309A2A53-8EA5-4DBA-A22C-568F2DD09314}"
EndProject
Project("{9A19103F-16F7-4668-BE54-9A1E7A4F7556}") = "TooltipEffectSample", "TooltipEffectSample\TooltipEffectSample\TooltipEffectSample.csproj", "{7CA39BDD-1289-4D47-BAFE-3C8C0CF3A957}"
EndProject
Project("{FAE04EC0-301F-11D3-BF4B-00C04F79EFBC}") = "TooltipEffectSample.GTK", "TooltipEffectSample\TooltipEffectSample.GTK\TooltipEffectSample.GTK.csproj", "{05CE2493-A88A-4DA0-B903-D505AE318322}"
EndProject
Project("{FAE04EC0-301F-11D3-BF4B-00C04F79EFBC}") = "TooltipEffectSample.WPF", "TooltipEffectSample\TooltipEffectSample.WPF\TooltipEffectSample.WPF.csproj", "{AF2C4C47-E01C-4434-83C6-23190A628966}"
EndProject
Project("{9A19103F-16F7-4668-BE54-9A1E7A4F7556}") = "TooltipEffect", "TooltipEffect\TooltipEffect.csproj", "{83DB67DF-C4B2-4E30-9208-4F275B568D17}"
EndProject
Project("{FAE04EC0-301F-11D3-BF4B-00C04F79EFBC}") = "TooltipEffect.Android", "TooltipEffect.Android\TooltipEffect.Android.csproj", "{C8F76AD7-0126-4580-9D3F-CA68F9BA12E1}"
EndProject
Project("{FAE04EC0-301F-11D3-BF4B-00C04F79EFBC}") = "TooltipEffect.UWP", "TooltipEffect.UWP\TooltipEffect.UWP.csproj", "{87E24951-B73A-43AE-8716-ED23169F9FFD}"
EndProject
Global
	GlobalSection(SolutionConfigurationPlatforms) = preSolution
		Debug|Any CPU = Debug|Any CPU
		Debug|ARM = Debug|ARM
		Debug|ARM64 = Debug|ARM64
		Debug|iPhone = Debug|iPhone
		Debug|iPhoneSimulator = Debug|iPhoneSimulator
		Debug|x64 = Debug|x64
		Debug|x86 = Debug|x86
		Release|Any CPU = Release|Any CPU
		Release|ARM = Release|ARM
		Release|ARM64 = Release|ARM64
		Release|iPhone = Release|iPhone
		Release|iPhoneSimulator = Release|iPhoneSimulator
		Release|x64 = Release|x64
		Release|x86 = Release|x86
	EndGlobalSection
	GlobalSection(ProjectConfigurationPlatforms) = postSolution
		{3BDBEE20-A70F-4369-812F-0A80A0BBF664}.Debug|Any CPU.ActiveCfg = Debug|x86
		{3BDBEE20-A70F-4369-812F-0A80A0BBF664}.Debug|Any CPU.Build.0 = Debug|x86
		{3BDBEE20-A70F-4369-812F-0A80A0BBF664}.Debug|Any CPU.Deploy.0 = Debug|x86
		{3BDBEE20-A70F-4369-812F-0A80A0BBF664}.Debug|ARM.ActiveCfg = Debug|ARM
		{3BDBEE20-A70F-4369-812F-0A80A0BBF664}.Debug|ARM.Build.0 = Debug|ARM
		{3BDBEE20-A70F-4369-812F-0A80A0BBF664}.Debug|ARM.Deploy.0 = Debug|ARM
		{3BDBEE20-A70F-4369-812F-0A80A0BBF664}.Debug|ARM64.ActiveCfg = Debug|x86
		{3BDBEE20-A70F-4369-812F-0A80A0BBF664}.Debug|iPhone.ActiveCfg = Debug|x86
		{3BDBEE20-A70F-4369-812F-0A80A0BBF664}.Debug|iPhone.Build.0 = Debug|x86
		{3BDBEE20-A70F-4369-812F-0A80A0BBF664}.Debug|iPhone.Deploy.0 = Debug|x86
		{3BDBEE20-A70F-4369-812F-0A80A0BBF664}.Debug|iPhoneSimulator.ActiveCfg = Debug|x86
		{3BDBEE20-A70F-4369-812F-0A80A0BBF664}.Debug|iPhoneSimulator.Build.0 = Debug|x86
		{3BDBEE20-A70F-4369-812F-0A80A0BBF664}.Debug|iPhoneSimulator.Deploy.0 = Debug|x86
		{3BDBEE20-A70F-4369-812F-0A80A0BBF664}.Debug|x64.ActiveCfg = Debug|x64
		{3BDBEE20-A70F-4369-812F-0A80A0BBF664}.Debug|x64.Build.0 = Debug|x64
		{3BDBEE20-A70F-4369-812F-0A80A0BBF664}.Debug|x64.Deploy.0 = Debug|x64
		{3BDBEE20-A70F-4369-812F-0A80A0BBF664}.Debug|x86.ActiveCfg = Debug|x86
		{3BDBEE20-A70F-4369-812F-0A80A0BBF664}.Debug|x86.Build.0 = Debug|x86
		{3BDBEE20-A70F-4369-812F-0A80A0BBF664}.Debug|x86.Deploy.0 = Debug|x86
		{3BDBEE20-A70F-4369-812F-0A80A0BBF664}.Release|Any CPU.ActiveCfg = Release|x86
		{3BDBEE20-A70F-4369-812F-0A80A0BBF664}.Release|Any CPU.Build.0 = Release|x86
		{3BDBEE20-A70F-4369-812F-0A80A0BBF664}.Release|Any CPU.Deploy.0 = Release|x86
		{3BDBEE20-A70F-4369-812F-0A80A0BBF664}.Release|ARM.ActiveCfg = Release|ARM
		{3BDBEE20-A70F-4369-812F-0A80A0BBF664}.Release|ARM.Build.0 = Release|ARM
		{3BDBEE20-A70F-4369-812F-0A80A0BBF664}.Release|ARM.Deploy.0 = Release|ARM
		{3BDBEE20-A70F-4369-812F-0A80A0BBF664}.Release|ARM64.ActiveCfg = Release|x86
		{3BDBEE20-A70F-4369-812F-0A80A0BBF664}.Release|iPhone.ActiveCfg = Release|x86
		{3BDBEE20-A70F-4369-812F-0A80A0BBF664}.Release|iPhone.Build.0 = Release|x86
		{3BDBEE20-A70F-4369-812F-0A80A0BBF664}.Release|iPhone.Deploy.0 = Release|x86
		{3BDBEE20-A70F-4369-812F-0A80A0BBF664}.Release|iPhoneSimulator.ActiveCfg = Release|x86
		{3BDBEE20-A70F-4369-812F-0A80A0BBF664}.Release|iPhoneSimulator.Build.0 = Release|x86
		{3BDBEE20-A70F-4369-812F-0A80A0BBF664}.Release|iPhoneSimulator.Deploy.0 = Release|x86
		{3BDBEE20-A70F-4369-812F-0A80A0BBF664}.Release|x64.ActiveCfg = Release|x64
		{3BDBEE20-A70F-4369-812F-0A80A0BBF664}.Release|x64.Build.0 = Release|x64
		{3BDBEE20-A70F-4369-812F-0A80A0BBF664}.Release|x64.Deploy.0 = Release|x64
		{3BDBEE20-A70F-4369-812F-0A80A0BBF664}.Release|x86.ActiveCfg = Release|x86
		{3BDBEE20-A70F-4369-812F-0A80A0BBF664}.Release|x86.Build.0 = Release|x86
		{3BDBEE20-A70F-4369-812F-0A80A0BBF664}.Release|x86.Deploy.0 = Release|x86
		{2C29ED45-147B-4C8E-B7EA-548910A167D3}.Debug|Any CPU.ActiveCfg = Debug|Any CPU
		{2C29ED45-147B-4C8E-B7EA-548910A167D3}.Debug|Any CPU.Build.0 = Debug|Any CPU
		{2C29ED45-147B-4C8E-B7EA-548910A167D3}.Debug|Any CPU.Deploy.0 = Debug|Any CPU
		{2C29ED45-147B-4C8E-B7EA-548910A167D3}.Debug|ARM.ActiveCfg = Debug|Any CPU
		{2C29ED45-147B-4C8E-B7EA-548910A167D3}.Debug|ARM.Build.0 = Debug|Any CPU
		{2C29ED45-147B-4C8E-B7EA-548910A167D3}.Debug|ARM.Deploy.0 = Debug|Any CPU
		{2C29ED45-147B-4C8E-B7EA-548910A167D3}.Debug|ARM64.ActiveCfg = Debug|Any CPU
		{2C29ED45-147B-4C8E-B7EA-548910A167D3}.Debug|ARM64.Build.0 = Debug|Any CPU
		{2C29ED45-147B-4C8E-B7EA-548910A167D3}.Debug|ARM64.Deploy.0 = Debug|Any CPU
		{2C29ED45-147B-4C8E-B7EA-548910A167D3}.Debug|iPhone.ActiveCfg = Debug|Any CPU
		{2C29ED45-147B-4C8E-B7EA-548910A167D3}.Debug|iPhone.Build.0 = Debug|Any CPU
		{2C29ED45-147B-4C8E-B7EA-548910A167D3}.Debug|iPhone.Deploy.0 = Debug|Any CPU
		{2C29ED45-147B-4C8E-B7EA-548910A167D3}.Debug|iPhoneSimulator.ActiveCfg = Debug|Any CPU
		{2C29ED45-147B-4C8E-B7EA-548910A167D3}.Debug|iPhoneSimulator.Build.0 = Debug|Any CPU
		{2C29ED45-147B-4C8E-B7EA-548910A167D3}.Debug|iPhoneSimulator.Deploy.0 = Debug|Any CPU
		{2C29ED45-147B-4C8E-B7EA-548910A167D3}.Debug|x64.ActiveCfg = Debug|Any CPU
		{2C29ED45-147B-4C8E-B7EA-548910A167D3}.Debug|x64.Build.0 = Debug|Any CPU
		{2C29ED45-147B-4C8E-B7EA-548910A167D3}.Debug|x64.Deploy.0 = Debug|Any CPU
		{2C29ED45-147B-4C8E-B7EA-548910A167D3}.Debug|x86.ActiveCfg = Debug|Any CPU
		{2C29ED45-147B-4C8E-B7EA-548910A167D3}.Debug|x86.Build.0 = Debug|Any CPU
		{2C29ED45-147B-4C8E-B7EA-548910A167D3}.Debug|x86.Deploy.0 = Debug|Any CPU
		{2C29ED45-147B-4C8E-B7EA-548910A167D3}.Release|Any CPU.ActiveCfg = Release|Any CPU
		{2C29ED45-147B-4C8E-B7EA-548910A167D3}.Release|Any CPU.Build.0 = Release|Any CPU
		{2C29ED45-147B-4C8E-B7EA-548910A167D3}.Release|Any CPU.Deploy.0 = Release|Any CPU
		{2C29ED45-147B-4C8E-B7EA-548910A167D3}.Release|ARM.ActiveCfg = Release|Any CPU
		{2C29ED45-147B-4C8E-B7EA-548910A167D3}.Release|ARM.Build.0 = Release|Any CPU
		{2C29ED45-147B-4C8E-B7EA-548910A167D3}.Release|ARM.Deploy.0 = Release|Any CPU
		{2C29ED45-147B-4C8E-B7EA-548910A167D3}.Release|ARM64.ActiveCfg = Release|Any CPU
		{2C29ED45-147B-4C8E-B7EA-548910A167D3}.Release|ARM64.Build.0 = Release|Any CPU
		{2C29ED45-147B-4C8E-B7EA-548910A167D3}.Release|ARM64.Deploy.0 = Release|Any CPU
		{2C29ED45-147B-4C8E-B7EA-548910A167D3}.Release|iPhone.ActiveCfg = Release|Any CPU
		{2C29ED45-147B-4C8E-B7EA-548910A167D3}.Release|iPhone.Build.0 = Release|Any CPU
		{2C29ED45-147B-4C8E-B7EA-548910A167D3}.Release|iPhone.Deploy.0 = Release|Any CPU
		{2C29ED45-147B-4C8E-B7EA-548910A167D3}.Release|iPhoneSimulator.ActiveCfg = Release|Any CPU
		{2C29ED45-147B-4C8E-B7EA-548910A167D3}.Release|iPhoneSimulator.Build.0 = Release|Any CPU
		{2C29ED45-147B-4C8E-B7EA-548910A167D3}.Release|iPhoneSimulator.Deploy.0 = Release|Any CPU
		{2C29ED45-147B-4C8E-B7EA-548910A167D3}.Release|x64.ActiveCfg = Release|Any CPU
		{2C29ED45-147B-4C8E-B7EA-548910A167D3}.Release|x64.Build.0 = Release|Any CPU
		{2C29ED45-147B-4C8E-B7EA-548910A167D3}.Release|x64.Deploy.0 = Release|Any CPU
		{2C29ED45-147B-4C8E-B7EA-548910A167D3}.Release|x86.ActiveCfg = Release|Any CPU
		{2C29ED45-147B-4C8E-B7EA-548910A167D3}.Release|x86.Build.0 = Release|Any CPU
		{2C29ED45-147B-4C8E-B7EA-548910A167D3}.Release|x86.Deploy.0 = Release|Any CPU
		{309A2A53-8EA5-4DBA-A22C-568F2DD09314}.Debug|Any CPU.ActiveCfg = Debug|iPhone
		{309A2A53-8EA5-4DBA-A22C-568F2DD09314}.Debug|Any CPU.Build.0 = Debug|iPhone
		{309A2A53-8EA5-4DBA-A22C-568F2DD09314}.Debug|Any CPU.Deploy.0 = Debug|iPhone
		{309A2A53-8EA5-4DBA-A22C-568F2DD09314}.Debug|ARM.ActiveCfg = Debug|iPhoneSimulator
		{309A2A53-8EA5-4DBA-A22C-568F2DD09314}.Debug|ARM.Build.0 = Debug|iPhoneSimulator
		{309A2A53-8EA5-4DBA-A22C-568F2DD09314}.Debug|ARM.Deploy.0 = Debug|iPhoneSimulator
		{309A2A53-8EA5-4DBA-A22C-568F2DD09314}.Debug|ARM64.ActiveCfg = Debug|iPhoneSimulator
		{309A2A53-8EA5-4DBA-A22C-568F2DD09314}.Debug|iPhone.ActiveCfg = Debug|iPhone
		{309A2A53-8EA5-4DBA-A22C-568F2DD09314}.Debug|iPhone.Build.0 = Debug|iPhone
		{309A2A53-8EA5-4DBA-A22C-568F2DD09314}.Debug|iPhone.Deploy.0 = Debug|iPhone
		{309A2A53-8EA5-4DBA-A22C-568F2DD09314}.Debug|iPhoneSimulator.ActiveCfg = Debug|iPhoneSimulator
		{309A2A53-8EA5-4DBA-A22C-568F2DD09314}.Debug|iPhoneSimulator.Build.0 = Debug|iPhoneSimulator
		{309A2A53-8EA5-4DBA-A22C-568F2DD09314}.Debug|iPhoneSimulator.Deploy.0 = Debug|iPhoneSimulator
		{309A2A53-8EA5-4DBA-A22C-568F2DD09314}.Debug|x64.ActiveCfg = Debug|iPhone
		{309A2A53-8EA5-4DBA-A22C-568F2DD09314}.Debug|x64.Build.0 = Debug|iPhone
		{309A2A53-8EA5-4DBA-A22C-568F2DD09314}.Debug|x64.Deploy.0 = Debug|iPhone
		{309A2A53-8EA5-4DBA-A22C-568F2DD09314}.Debug|x86.ActiveCfg = Debug|iPhone
		{309A2A53-8EA5-4DBA-A22C-568F2DD09314}.Debug|x86.Build.0 = Debug|iPhone
		{309A2A53-8EA5-4DBA-A22C-568F2DD09314}.Debug|x86.Deploy.0 = Debug|iPhone
		{309A2A53-8EA5-4DBA-A22C-568F2DD09314}.Release|Any CPU.ActiveCfg = Release|iPhone
		{309A2A53-8EA5-4DBA-A22C-568F2DD09314}.Release|Any CPU.Build.0 = Release|iPhone
		{309A2A53-8EA5-4DBA-A22C-568F2DD09314}.Release|Any CPU.Deploy.0 = Release|iPhone
		{309A2A53-8EA5-4DBA-A22C-568F2DD09314}.Release|ARM.ActiveCfg = Release|iPhone
		{309A2A53-8EA5-4DBA-A22C-568F2DD09314}.Release|ARM.Build.0 = Release|iPhone
		{309A2A53-8EA5-4DBA-A22C-568F2DD09314}.Release|ARM.Deploy.0 = Release|iPhone
		{309A2A53-8EA5-4DBA-A22C-568F2DD09314}.Release|ARM64.ActiveCfg = Release|iPhoneSimulator
		{309A2A53-8EA5-4DBA-A22C-568F2DD09314}.Release|iPhone.ActiveCfg = Release|iPhone
		{309A2A53-8EA5-4DBA-A22C-568F2DD09314}.Release|iPhone.Build.0 = Release|iPhone
		{309A2A53-8EA5-4DBA-A22C-568F2DD09314}.Release|iPhone.Deploy.0 = Release|iPhone
		{309A2A53-8EA5-4DBA-A22C-568F2DD09314}.Release|iPhoneSimulator.ActiveCfg = Release|iPhoneSimulator
		{309A2A53-8EA5-4DBA-A22C-568F2DD09314}.Release|iPhoneSimulator.Build.0 = Release|iPhoneSimulator
		{309A2A53-8EA5-4DBA-A22C-568F2DD09314}.Release|iPhoneSimulator.Deploy.0 = Release|iPhoneSimulator
		{309A2A53-8EA5-4DBA-A22C-568F2DD09314}.Release|x64.ActiveCfg = Release|iPhone
		{309A2A53-8EA5-4DBA-A22C-568F2DD09314}.Release|x64.Build.0 = Release|iPhone
		{309A2A53-8EA5-4DBA-A22C-568F2DD09314}.Release|x64.Deploy.0 = Release|iPhone
		{309A2A53-8EA5-4DBA-A22C-568F2DD09314}.Release|x86.ActiveCfg = Release|iPhone
		{309A2A53-8EA5-4DBA-A22C-568F2DD09314}.Release|x86.Build.0 = Release|iPhone
		{309A2A53-8EA5-4DBA-A22C-568F2DD09314}.Release|x86.Deploy.0 = Release|iPhone
		{7CA39BDD-1289-4D47-BAFE-3C8C0CF3A957}.Debug|Any CPU.ActiveCfg = Debug|Any CPU
		{7CA39BDD-1289-4D47-BAFE-3C8C0CF3A957}.Debug|Any CPU.Build.0 = Debug|Any CPU
		{7CA39BDD-1289-4D47-BAFE-3C8C0CF3A957}.Debug|Any CPU.Deploy.0 = Debug|Any CPU
		{7CA39BDD-1289-4D47-BAFE-3C8C0CF3A957}.Debug|ARM.ActiveCfg = Debug|Any CPU
		{7CA39BDD-1289-4D47-BAFE-3C8C0CF3A957}.Debug|ARM.Build.0 = Debug|Any CPU
		{7CA39BDD-1289-4D47-BAFE-3C8C0CF3A957}.Debug|ARM.Deploy.0 = Debug|Any CPU
		{7CA39BDD-1289-4D47-BAFE-3C8C0CF3A957}.Debug|ARM64.ActiveCfg = Debug|Any CPU
		{7CA39BDD-1289-4D47-BAFE-3C8C0CF3A957}.Debug|ARM64.Build.0 = Debug|Any CPU
		{7CA39BDD-1289-4D47-BAFE-3C8C0CF3A957}.Debug|iPhone.ActiveCfg = Debug|Any CPU
		{7CA39BDD-1289-4D47-BAFE-3C8C0CF3A957}.Debug|iPhone.Build.0 = Debug|Any CPU
		{7CA39BDD-1289-4D47-BAFE-3C8C0CF3A957}.Debug|iPhone.Deploy.0 = Debug|Any CPU
		{7CA39BDD-1289-4D47-BAFE-3C8C0CF3A957}.Debug|iPhoneSimulator.ActiveCfg = Debug|Any CPU
		{7CA39BDD-1289-4D47-BAFE-3C8C0CF3A957}.Debug|iPhoneSimulator.Build.0 = Debug|Any CPU
		{7CA39BDD-1289-4D47-BAFE-3C8C0CF3A957}.Debug|iPhoneSimulator.Deploy.0 = Debug|Any CPU
		{7CA39BDD-1289-4D47-BAFE-3C8C0CF3A957}.Debug|x64.ActiveCfg = Debug|Any CPU
		{7CA39BDD-1289-4D47-BAFE-3C8C0CF3A957}.Debug|x64.Build.0 = Debug|Any CPU
		{7CA39BDD-1289-4D47-BAFE-3C8C0CF3A957}.Debug|x64.Deploy.0 = Debug|Any CPU
		{7CA39BDD-1289-4D47-BAFE-3C8C0CF3A957}.Debug|x86.ActiveCfg = Debug|Any CPU
		{7CA39BDD-1289-4D47-BAFE-3C8C0CF3A957}.Debug|x86.Build.0 = Debug|Any CPU
		{7CA39BDD-1289-4D47-BAFE-3C8C0CF3A957}.Debug|x86.Deploy.0 = Debug|Any CPU
		{7CA39BDD-1289-4D47-BAFE-3C8C0CF3A957}.Release|Any CPU.ActiveCfg = Release|Any CPU
		{7CA39BDD-1289-4D47-BAFE-3C8C0CF3A957}.Release|Any CPU.Build.0 = Release|Any CPU
		{7CA39BDD-1289-4D47-BAFE-3C8C0CF3A957}.Release|Any CPU.Deploy.0 = Release|Any CPU
		{7CA39BDD-1289-4D47-BAFE-3C8C0CF3A957}.Release|ARM.ActiveCfg = Release|Any CPU
		{7CA39BDD-1289-4D47-BAFE-3C8C0CF3A957}.Release|ARM.Build.0 = Release|Any CPU
		{7CA39BDD-1289-4D47-BAFE-3C8C0CF3A957}.Release|ARM.Deploy.0 = Release|Any CPU
		{7CA39BDD-1289-4D47-BAFE-3C8C0CF3A957}.Release|ARM64.ActiveCfg = Release|Any CPU
		{7CA39BDD-1289-4D47-BAFE-3C8C0CF3A957}.Release|ARM64.Build.0 = Release|Any CPU
		{7CA39BDD-1289-4D47-BAFE-3C8C0CF3A957}.Release|iPhone.ActiveCfg = Release|Any CPU
		{7CA39BDD-1289-4D47-BAFE-3C8C0CF3A957}.Release|iPhone.Build.0 = Release|Any CPU
		{7CA39BDD-1289-4D47-BAFE-3C8C0CF3A957}.Release|iPhone.Deploy.0 = Release|Any CPU
		{7CA39BDD-1289-4D47-BAFE-3C8C0CF3A957}.Release|iPhoneSimulator.ActiveCfg = Release|Any CPU
		{7CA39BDD-1289-4D47-BAFE-3C8C0CF3A957}.Release|iPhoneSimulator.Build.0 = Release|Any CPU
		{7CA39BDD-1289-4D47-BAFE-3C8C0CF3A957}.Release|iPhoneSimulator.Deploy.0 = Release|Any CPU
		{7CA39BDD-1289-4D47-BAFE-3C8C0CF3A957}.Release|x64.ActiveCfg = Release|Any CPU
		{7CA39BDD-1289-4D47-BAFE-3C8C0CF3A957}.Release|x64.Build.0 = Release|Any CPU
		{7CA39BDD-1289-4D47-BAFE-3C8C0CF3A957}.Release|x64.Deploy.0 = Release|Any CPU
		{7CA39BDD-1289-4D47-BAFE-3C8C0CF3A957}.Release|x86.ActiveCfg = Release|Any CPU
		{7CA39BDD-1289-4D47-BAFE-3C8C0CF3A957}.Release|x86.Build.0 = Release|Any CPU
		{7CA39BDD-1289-4D47-BAFE-3C8C0CF3A957}.Release|x86.Deploy.0 = Release|Any CPU
		{05CE2493-A88A-4DA0-B903-D505AE318322}.Debug|Any CPU.ActiveCfg = Debug|Any CPU
		{05CE2493-A88A-4DA0-B903-D505AE318322}.Debug|Any CPU.Build.0 = Debug|Any CPU
		{05CE2493-A88A-4DA0-B903-D505AE318322}.Debug|ARM.ActiveCfg = Debug|Any CPU
		{05CE2493-A88A-4DA0-B903-D505AE318322}.Debug|ARM.Build.0 = Debug|Any CPU
		{05CE2493-A88A-4DA0-B903-D505AE318322}.Debug|ARM64.ActiveCfg = Debug|Any CPU
		{05CE2493-A88A-4DA0-B903-D505AE318322}.Debug|ARM64.Build.0 = Debug|Any CPU
		{05CE2493-A88A-4DA0-B903-D505AE318322}.Debug|iPhone.ActiveCfg = Debug|Any CPU
		{05CE2493-A88A-4DA0-B903-D505AE318322}.Debug|iPhone.Build.0 = Debug|Any CPU
		{05CE2493-A88A-4DA0-B903-D505AE318322}.Debug|iPhoneSimulator.ActiveCfg = Debug|Any CPU
		{05CE2493-A88A-4DA0-B903-D505AE318322}.Debug|iPhoneSimulator.Build.0 = Debug|Any CPU
		{05CE2493-A88A-4DA0-B903-D505AE318322}.Debug|x64.ActiveCfg = Debug|Any CPU
		{05CE2493-A88A-4DA0-B903-D505AE318322}.Debug|x64.Build.0 = Debug|Any CPU
		{05CE2493-A88A-4DA0-B903-D505AE318322}.Debug|x86.ActiveCfg = Debug|Any CPU
		{05CE2493-A88A-4DA0-B903-D505AE318322}.Debug|x86.Build.0 = Debug|Any CPU
		{05CE2493-A88A-4DA0-B903-D505AE318322}.Release|Any CPU.ActiveCfg = Release|Any CPU
		{05CE2493-A88A-4DA0-B903-D505AE318322}.Release|Any CPU.Build.0 = Release|Any CPU
		{05CE2493-A88A-4DA0-B903-D505AE318322}.Release|ARM.ActiveCfg = Release|Any CPU
		{05CE2493-A88A-4DA0-B903-D505AE318322}.Release|ARM.Build.0 = Release|Any CPU
		{05CE2493-A88A-4DA0-B903-D505AE318322}.Release|ARM64.ActiveCfg = Release|Any CPU
		{05CE2493-A88A-4DA0-B903-D505AE318322}.Release|ARM64.Build.0 = Release|Any CPU
		{05CE2493-A88A-4DA0-B903-D505AE318322}.Release|iPhone.ActiveCfg = Release|Any CPU
		{05CE2493-A88A-4DA0-B903-D505AE318322}.Release|iPhone.Build.0 = Release|Any CPU
		{05CE2493-A88A-4DA0-B903-D505AE318322}.Release|iPhoneSimulator.ActiveCfg = Release|Any CPU
		{05CE2493-A88A-4DA0-B903-D505AE318322}.Release|iPhoneSimulator.Build.0 = Release|Any CPU
		{05CE2493-A88A-4DA0-B903-D505AE318322}.Release|x64.ActiveCfg = Release|Any CPU
		{05CE2493-A88A-4DA0-B903-D505AE318322}.Release|x64.Build.0 = Release|Any CPU
		{05CE2493-A88A-4DA0-B903-D505AE318322}.Release|x86.ActiveCfg = Release|Any CPU
		{05CE2493-A88A-4DA0-B903-D505AE318322}.Release|x86.Build.0 = Release|Any CPU
		{AF2C4C47-E01C-4434-83C6-23190A628966}.Debug|Any CPU.ActiveCfg = Debug|Any CPU
		{AF2C4C47-E01C-4434-83C6-23190A628966}.Debug|Any CPU.Build.0 = Debug|Any CPU
		{AF2C4C47-E01C-4434-83C6-23190A628966}.Debug|ARM.ActiveCfg = Debug|Any CPU
		{AF2C4C47-E01C-4434-83C6-23190A628966}.Debug|ARM.Build.0 = Debug|Any CPU
		{AF2C4C47-E01C-4434-83C6-23190A628966}.Debug|ARM64.ActiveCfg = Debug|Any CPU
		{AF2C4C47-E01C-4434-83C6-23190A628966}.Debug|ARM64.Build.0 = Debug|Any CPU
		{AF2C4C47-E01C-4434-83C6-23190A628966}.Debug|iPhone.ActiveCfg = Debug|Any CPU
		{AF2C4C47-E01C-4434-83C6-23190A628966}.Debug|iPhone.Build.0 = Debug|Any CPU
		{AF2C4C47-E01C-4434-83C6-23190A628966}.Debug|iPhoneSimulator.ActiveCfg = Debug|Any CPU
		{AF2C4C47-E01C-4434-83C6-23190A628966}.Debug|iPhoneSimulator.Build.0 = Debug|Any CPU
		{AF2C4C47-E01C-4434-83C6-23190A628966}.Debug|x64.ActiveCfg = Debug|Any CPU
		{AF2C4C47-E01C-4434-83C6-23190A628966}.Debug|x64.Build.0 = Debug|Any CPU
		{AF2C4C47-E01C-4434-83C6-23190A628966}.Debug|x86.ActiveCfg = Debug|Any CPU
		{AF2C4C47-E01C-4434-83C6-23190A628966}.Debug|x86.Build.0 = Debug|Any CPU
		{AF2C4C47-E01C-4434-83C6-23190A628966}.Release|Any CPU.ActiveCfg = Release|Any CPU
		{AF2C4C47-E01C-4434-83C6-23190A628966}.Release|Any CPU.Build.0 = Release|Any CPU
		{AF2C4C47-E01C-4434-83C6-23190A628966}.Release|ARM.ActiveCfg = Release|Any CPU
		{AF2C4C47-E01C-4434-83C6-23190A628966}.Release|ARM.Build.0 = Release|Any CPU
		{AF2C4C47-E01C-4434-83C6-23190A628966}.Release|ARM64.ActiveCfg = Release|Any CPU
		{AF2C4C47-E01C-4434-83C6-23190A628966}.Release|ARM64.Build.0 = Release|Any CPU
		{AF2C4C47-E01C-4434-83C6-23190A628966}.Release|iPhone.ActiveCfg = Release|Any CPU
		{AF2C4C47-E01C-4434-83C6-23190A628966}.Release|iPhone.Build.0 = Release|Any CPU
		{AF2C4C47-E01C-4434-83C6-23190A628966}.Release|iPhoneSimulator.ActiveCfg = Release|Any CPU
		{AF2C4C47-E01C-4434-83C6-23190A628966}.Release|iPhoneSimulator.Build.0 = Release|Any CPU
		{AF2C4C47-E01C-4434-83C6-23190A628966}.Release|x64.ActiveCfg = Release|Any CPU
		{AF2C4C47-E01C-4434-83C6-23190A628966}.Release|x64.Build.0 = Release|Any CPU
		{AF2C4C47-E01C-4434-83C6-23190A628966}.Release|x86.ActiveCfg = Release|Any CPU
		{AF2C4C47-E01C-4434-83C6-23190A628966}.Release|x86.Build.0 = Release|Any CPU
		{83DB67DF-C4B2-4E30-9208-4F275B568D17}.Debug|Any CPU.ActiveCfg = Debug|Any CPU
		{83DB67DF-C4B2-4E30-9208-4F275B568D17}.Debug|Any CPU.Build.0 = Debug|Any CPU
		{83DB67DF-C4B2-4E30-9208-4F275B568D17}.Debug|ARM.ActiveCfg = Debug|Any CPU
		{83DB67DF-C4B2-4E30-9208-4F275B568D17}.Debug|ARM.Build.0 = Debug|Any CPU
		{83DB67DF-C4B2-4E30-9208-4F275B568D17}.Debug|ARM64.ActiveCfg = Debug|Any CPU
		{83DB67DF-C4B2-4E30-9208-4F275B568D17}.Debug|ARM64.Build.0 = Debug|Any CPU
		{83DB67DF-C4B2-4E30-9208-4F275B568D17}.Debug|iPhone.ActiveCfg = Debug|Any CPU
		{83DB67DF-C4B2-4E30-9208-4F275B568D17}.Debug|iPhone.Build.0 = Debug|Any CPU
		{83DB67DF-C4B2-4E30-9208-4F275B568D17}.Debug|iPhoneSimulator.ActiveCfg = Debug|Any CPU
		{83DB67DF-C4B2-4E30-9208-4F275B568D17}.Debug|iPhoneSimulator.Build.0 = Debug|Any CPU
		{83DB67DF-C4B2-4E30-9208-4F275B568D17}.Debug|x64.ActiveCfg = Debug|Any CPU
		{83DB67DF-C4B2-4E30-9208-4F275B568D17}.Debug|x64.Build.0 = Debug|Any CPU
		{83DB67DF-C4B2-4E30-9208-4F275B568D17}.Debug|x86.ActiveCfg = Debug|Any CPU
		{83DB67DF-C4B2-4E30-9208-4F275B568D17}.Debug|x86.Build.0 = Debug|Any CPU
		{83DB67DF-C4B2-4E30-9208-4F275B568D17}.Release|Any CPU.ActiveCfg = Release|Any CPU
		{83DB67DF-C4B2-4E30-9208-4F275B568D17}.Release|Any CPU.Build.0 = Release|Any CPU
		{83DB67DF-C4B2-4E30-9208-4F275B568D17}.Release|ARM.ActiveCfg = Release|Any CPU
		{83DB67DF-C4B2-4E30-9208-4F275B568D17}.Release|ARM.Build.0 = Release|Any CPU
		{83DB67DF-C4B2-4E30-9208-4F275B568D17}.Release|ARM64.ActiveCfg = Release|Any CPU
		{83DB67DF-C4B2-4E30-9208-4F275B568D17}.Release|ARM64.Build.0 = Release|Any CPU
		{83DB67DF-C4B2-4E30-9208-4F275B568D17}.Release|iPhone.ActiveCfg = Release|Any CPU
		{83DB67DF-C4B2-4E30-9208-4F275B568D17}.Release|iPhone.Build.0 = Release|Any CPU
		{83DB67DF-C4B2-4E30-9208-4F275B568D17}.Release|iPhoneSimulator.ActiveCfg = Release|Any CPU
		{83DB67DF-C4B2-4E30-9208-4F275B568D17}.Release|iPhoneSimulator.Build.0 = Release|Any CPU
		{83DB67DF-C4B2-4E30-9208-4F275B568D17}.Release|x64.ActiveCfg = Release|Any CPU
		{83DB67DF-C4B2-4E30-9208-4F275B568D17}.Release|x64.Build.0 = Release|Any CPU
		{83DB67DF-C4B2-4E30-9208-4F275B568D17}.Release|x86.ActiveCfg = Release|Any CPU
		{83DB67DF-C4B2-4E30-9208-4F275B568D17}.Release|x86.Build.0 = Release|Any CPU
		{C8F76AD7-0126-4580-9D3F-CA68F9BA12E1}.Debug|Any CPU.ActiveCfg = Debug|Any CPU
		{C8F76AD7-0126-4580-9D3F-CA68F9BA12E1}.Debug|Any CPU.Build.0 = Debug|Any CPU
		{C8F76AD7-0126-4580-9D3F-CA68F9BA12E1}.Debug|ARM.ActiveCfg = Debug|Any CPU
		{C8F76AD7-0126-4580-9D3F-CA68F9BA12E1}.Debug|ARM.Build.0 = Debug|Any CPU
		{C8F76AD7-0126-4580-9D3F-CA68F9BA12E1}.Debug|ARM64.ActiveCfg = Debug|Any CPU
		{C8F76AD7-0126-4580-9D3F-CA68F9BA12E1}.Debug|ARM64.Build.0 = Debug|Any CPU
		{C8F76AD7-0126-4580-9D3F-CA68F9BA12E1}.Debug|iPhone.ActiveCfg = Debug|Any CPU
		{C8F76AD7-0126-4580-9D3F-CA68F9BA12E1}.Debug|iPhone.Build.0 = Debug|Any CPU
		{C8F76AD7-0126-4580-9D3F-CA68F9BA12E1}.Debug|iPhoneSimulator.ActiveCfg = Debug|Any CPU
		{C8F76AD7-0126-4580-9D3F-CA68F9BA12E1}.Debug|iPhoneSimulator.Build.0 = Debug|Any CPU
		{C8F76AD7-0126-4580-9D3F-CA68F9BA12E1}.Debug|x64.ActiveCfg = Debug|Any CPU
		{C8F76AD7-0126-4580-9D3F-CA68F9BA12E1}.Debug|x64.Build.0 = Debug|Any CPU
		{C8F76AD7-0126-4580-9D3F-CA68F9BA12E1}.Debug|x86.ActiveCfg = Debug|Any CPU
		{C8F76AD7-0126-4580-9D3F-CA68F9BA12E1}.Debug|x86.Build.0 = Debug|Any CPU
		{C8F76AD7-0126-4580-9D3F-CA68F9BA12E1}.Release|Any CPU.ActiveCfg = Release|Any CPU
		{C8F76AD7-0126-4580-9D3F-CA68F9BA12E1}.Release|Any CPU.Build.0 = Release|Any CPU
		{C8F76AD7-0126-4580-9D3F-CA68F9BA12E1}.Release|ARM.ActiveCfg = Release|Any CPU
		{C8F76AD7-0126-4580-9D3F-CA68F9BA12E1}.Release|ARM.Build.0 = Release|Any CPU
		{C8F76AD7-0126-4580-9D3F-CA68F9BA12E1}.Release|ARM64.ActiveCfg = Release|Any CPU
		{C8F76AD7-0126-4580-9D3F-CA68F9BA12E1}.Release|ARM64.Build.0 = Release|Any CPU
		{C8F76AD7-0126-4580-9D3F-CA68F9BA12E1}.Release|iPhone.ActiveCfg = Release|Any CPU
		{C8F76AD7-0126-4580-9D3F-CA68F9BA12E1}.Release|iPhone.Build.0 = Release|Any CPU
		{C8F76AD7-0126-4580-9D3F-CA68F9BA12E1}.Release|iPhoneSimulator.ActiveCfg = Release|Any CPU
		{C8F76AD7-0126-4580-9D3F-CA68F9BA12E1}.Release|iPhoneSimulator.Build.0 = Release|Any CPU
		{C8F76AD7-0126-4580-9D3F-CA68F9BA12E1}.Release|x64.ActiveCfg = Release|Any CPU
		{C8F76AD7-0126-4580-9D3F-CA68F9BA12E1}.Release|x64.Build.0 = Release|Any CPU
		{C8F76AD7-0126-4580-9D3F-CA68F9BA12E1}.Release|x86.ActiveCfg = Release|Any CPU
		{C8F76AD7-0126-4580-9D3F-CA68F9BA12E1}.Release|x86.Build.0 = Release|Any CPU
		{87E24951-B73A-43AE-8716-ED23169F9FFD}.Debug|Any CPU.ActiveCfg = Debug|Any CPU
		{87E24951-B73A-43AE-8716-ED23169F9FFD}.Debug|Any CPU.Build.0 = Debug|Any CPU
		{87E24951-B73A-43AE-8716-ED23169F9FFD}.Debug|ARM.ActiveCfg = Debug|ARM
		{87E24951-B73A-43AE-8716-ED23169F9FFD}.Debug|ARM.Build.0 = Debug|ARM
		{87E24951-B73A-43AE-8716-ED23169F9FFD}.Debug|ARM64.ActiveCfg = Debug|ARM64
		{87E24951-B73A-43AE-8716-ED23169F9FFD}.Debug|ARM64.Build.0 = Debug|ARM64
		{87E24951-B73A-43AE-8716-ED23169F9FFD}.Debug|iPhone.ActiveCfg = Debug|Any CPU
		{87E24951-B73A-43AE-8716-ED23169F9FFD}.Debug|iPhone.Build.0 = Debug|Any CPU
		{87E24951-B73A-43AE-8716-ED23169F9FFD}.Debug|iPhoneSimulator.ActiveCfg = Debug|Any CPU
		{87E24951-B73A-43AE-8716-ED23169F9FFD}.Debug|iPhoneSimulator.Build.0 = Debug|Any CPU
		{87E24951-B73A-43AE-8716-ED23169F9FFD}.Debug|x64.ActiveCfg = Debug|x64
		{87E24951-B73A-43AE-8716-ED23169F9FFD}.Debug|x64.Build.0 = Debug|x64
		{87E24951-B73A-43AE-8716-ED23169F9FFD}.Debug|x86.ActiveCfg = Debug|x86
		{87E24951-B73A-43AE-8716-ED23169F9FFD}.Debug|x86.Build.0 = Debug|x86
		{87E24951-B73A-43AE-8716-ED23169F9FFD}.Release|Any CPU.ActiveCfg = Release|Any CPU
		{87E24951-B73A-43AE-8716-ED23169F9FFD}.Release|Any CPU.Build.0 = Release|Any CPU
		{87E24951-B73A-43AE-8716-ED23169F9FFD}.Release|ARM.ActiveCfg = Release|ARM
		{87E24951-B73A-43AE-8716-ED23169F9FFD}.Release|ARM.Build.0 = Release|ARM
		{87E24951-B73A-43AE-8716-ED23169F9FFD}.Release|ARM64.ActiveCfg = Release|ARM64
		{87E24951-B73A-43AE-8716-ED23169F9FFD}.Release|ARM64.Build.0 = Release|ARM64
		{87E24951-B73A-43AE-8716-ED23169F9FFD}.Release|iPhone.ActiveCfg = Release|Any CPU
		{87E24951-B73A-43AE-8716-ED23169F9FFD}.Release|iPhone.Build.0 = Release|Any CPU
		{87E24951-B73A-43AE-8716-ED23169F9FFD}.Release|iPhoneSimulator.ActiveCfg = Release|Any CPU
		{87E24951-B73A-43AE-8716-ED23169F9FFD}.Release|iPhoneSimulator.Build.0 = Release|Any CPU
		{87E24951-B73A-43AE-8716-ED23169F9FFD}.Release|x64.ActiveCfg = Release|x64
		{87E24951-B73A-43AE-8716-ED23169F9FFD}.Release|x64.Build.0 = Release|x64
		{87E24951-B73A-43AE-8716-ED23169F9FFD}.Release|x86.ActiveCfg = Release|x86
		{87E24951-B73A-43AE-8716-ED23169F9FFD}.Release|x86.Build.0 = Release|x86
	EndGlobalSection
	GlobalSection(SolutionProperties) = preSolution
		HideSolutionNode = FALSE
	EndGlobalSection
	GlobalSection(ExtensibilityGlobals) = postSolution
		SolutionGuid = {FE5C8C0C-0570-47C7-939F-7AA113C114E6}
	EndGlobalSection
EndGlobal
